
Microsoft Visual Studio Solution File, Format Version 11.00
# Visual Studio 2010
Project("{FAE04EC0-301F-11D3-BF4B-00C04F79EFBC}") = "TaskDialog.NET", "TaskDialog.NET\TaskDialog.NET.csproj", "{194FBE0B-2731-4D8C-800D-1DB350B8107D}"
EndProject
Project("{FAE04EC0-301F-11D3-BF4B-00C04F79EFBC}") = "TaskDialogDemo", "TaskDialogDemo\TaskDialogDemo.csproj", "{7197D56E-F51A-4517-9432-E7D116F263A1}"
EndProject
Global
	GlobalSection(SolutionConfigurationPlatforms) = preSolution
		Debug|Any CPU = Debug|Any CPU
		Debug|Mixed Platforms = Debug|Mixed Platforms
		Debug|x86 = Debug|x86
		Release|Any CPU = Release|Any CPU
		Release|Mixed Platforms = Release|Mixed Platforms
		Release|x86 = Release|x86
	EndGlobalSection
	GlobalSection(ProjectConfigurationPlatforms) = postSolution
		{194FBE0B-2731-4D8C-800D-1DB350B8107D}.Debug|Any CPU.ActiveCfg = Debug|Any CPU
		{194FBE0B-2731-4D8C-800D-1DB350B8107D}.Debug|Any CPU.Build.0 = Debug|Any CPU
		{194FBE0B-2731-4D8C-800D-1DB350B8107D}.Debug|Mixed Platforms.ActiveCfg = Debug|Any CPU
		{194FBE0B-2731-4D8C-800D-1DB350B8107D}.Debug|Mixed Platforms.Build.0 = Debug|Any CPU
		{194FBE0B-2731-4D8C-800D-1DB350B8107D}.Debug|x86.ActiveCfg = Debug|x86
		{194FBE0B-2731-4D8C-800D-1DB350B8107D}.Debug|x86.Build.0 = Debug|x86
		{194FBE0B-2731-4D8C-800D-1DB350B8107D}.Release|Any CPU.ActiveCfg = Release|Any CPU
		{194FBE0B-2731-4D8C-800D-1DB350B8107D}.Release|Any CPU.Build.0 = Release|Any CPU
		{194FBE0B-2731-4D8C-800D-1DB350B8107D}.Release|Mixed Platforms.ActiveCfg = Release|Any CPU
		{194FBE0B-2731-4D8C-800D-1DB350B8107D}.Release|Mixed Platforms.Build.0 = Release|Any CPU
		{194FBE0B-2731-4D8C-800D-1DB350B8107D}.Release|x86.ActiveCfg = Release|Any CPU
		{7197D56E-F51A-4517-9432-E7D116F263A1}.Debug|Any CPU.ActiveCfg = Debug|Any CPU
		{7197D56E-F51A-4517-9432-E7D116F263A1}.Debug|Any CPU.Build.0 = Debug|Any CPU
		{7197D56E-F51A-4517-9432-E7D116F263A1}.Debug|Mixed Platforms.ActiveCfg = Debug|x86
		{7197D56E-F51A-4517-9432-E7D116F263A1}.Debug|Mixed Platforms.Build.0 = Debug|x86
		{7197D56E-F51A-4517-9432-E7D116F263A1}.Debug|x86.ActiveCfg = Debug|x86
		{7197D56E-F51A-4517-9432-E7D116F263A1}.Debug|x86.Build.0 = Debug|x86
		{7197D56E-F51A-4517-9432-E7D116F263A1}.Release|Any CPU.ActiveCfg = Release|x86
		{7197D56E-F51A-4517-9432-E7D116F263A1}.Release|Mixed Platforms.ActiveCfg = Release|x86
		{7197D56E-F51A-4517-9432-E7D116F263A1}.Release|Mixed Platforms.Build.0 = Release|x86
		{7197D56E-F51A-4517-9432-E7D116F263A1}.Release|x86.ActiveCfg = Release|x86
		{7197D56E-F51A-4517-9432-E7D116F263A1}.Release|x86.Build.0 = Release|x86
	EndGlobalSection
	GlobalSection(SolutionProperties) = preSolution
		HideSolutionNode = FALSE
	EndGlobalSection
EndGlobal
